
Microsoft Visual Studio Solution File, Format Version 12.00
# Visual Studio Version 17
VisualStudioVersion = 17.3.32922.545
MinimumVisualStudioVersion = 10.0.40219.1
Project("{9A19103F-16F7-4668-BE54-9A1E7A4F7556}") = "WTSDataLogger.Core", "src\WTSDataLogger.Core\WTSDataLogger.Core.csproj", "{449DADE9-E340-4B80-8A5F-30DE5CD90233}"
EndProject
Project("{9A19103F-16F7-4668-BE54-9A1E7A4F7556}") = "WTSDataLogger.Commandline", "src\WTSDataLogger.Commandline\WTSDataLogger.Commandline.csproj", "{4E1FCC5D-6723-4D35-A2BA-9BF7C8BA28B1}"
EndProject
Project("{9A19103F-16F7-4668-BE54-9A1E7A4F7556}") = "WTSDataSimulator", "src\WTSDataSimulator\WTSDataSimulator.csproj", "{12B1DAE5-7226-4A75-ACA4-1CE1195AE10F}"
EndProject
Project("{FAE04EC0-301F-11D3-BF4B-00C04F79EFBC}") = "WTSDataLogger.GUI", "src\WTSDataLogger.GUI\WTSDataLogger.GUI.csproj", "{2525B795-B858-4C85-81FF-D4309364B03C}"
EndProject
Global
	GlobalSection(SolutionConfigurationPlatforms) = preSolution
		Debug|Any CPU = Debug|Any CPU
		Release|Any CPU = Release|Any CPU
	EndGlobalSection
	GlobalSection(ProjectConfigurationPlatforms) = postSolution
		{449DADE9-E340-4B80-8A5F-30DE5CD90233}.Debug|Any CPU.ActiveCfg = Debug|Any CPU
		{449DADE9-E340-4B80-8A5F-30DE5CD90233}.Debug|Any CPU.Build.0 = Debug|Any CPU
		{449DADE9-E340-4B80-8A5F-30DE5CD90233}.Release|Any CPU.ActiveCfg = Release|Any CPU
		{449DADE9-E340-4B80-8A5F-30DE5CD90233}.Release|Any CPU.Build.0 = Release|Any CPU
		{4E1FCC5D-6723-4D35-A2BA-9BF7C8BA28B1}.Debug|Any CPU.ActiveCfg = Debug|Any CPU
		{4E1FCC5D-6723-4D35-A2BA-9BF7C8BA28B1}.Debug|Any CPU.Build.0 = Debug|Any CPU
		{4E1FCC5D-6723-4D35-A2BA-9BF7C8BA28B1}.Release|Any CPU.ActiveCfg = Release|Any CPU
		{4E1FCC5D-6723-4D35-A2BA-9BF7C8BA28B1}.Release|Any CPU.Build.0 = Release|Any CPU
		{12B1DAE5-7226-4A75-ACA4-1CE1195AE10F}.Debug|Any CPU.ActiveCfg = Debug|Any CPU
		{12B1DAE5-7226-4A75-ACA4-1CE1195AE10F}.Debug|Any CPU.Build.0 = Debug|Any CPU
		{12B1DAE5-7226-4A75-ACA4-1CE1195AE10F}.Release|Any CPU.ActiveCfg = Release|Any CPU
		{12B1DAE5-7226-4A75-ACA4-1CE1195AE10F}.Release|Any CPU.Build.0 = Release|Any CPU
		{2525B795-B858-4C85-81FF-D4309364B03C}.Debug|Any CPU.ActiveCfg = Debug|Any CPU
		{2525B795-B858-4C85-81FF-D4309364B03C}.Debug|Any CPU.Build.0 = Debug|Any CPU
		{2525B795-B858-4C85-81FF-D4309364B03C}.Release|Any CPU.ActiveCfg = Release|Any CPU
		{2525B795-B858-4C85-81FF-D4309364B03C}.Release|Any CPU.Build.0 = Release|Any CPU
	EndGlobalSection
	GlobalSection(SolutionProperties) = preSolution
		HideSolutionNode = FALSE
	EndGlobalSection
	GlobalSection(ExtensibilityGlobals) = postSolution
		SolutionGuid = {E64888AE-4562-4129-A0A2-F54BC7D683AD}
	EndGlobalSection
EndGlobal
